dependencies:
- name: zookeeper
  repository: https://kubernetes-charts-incubator.storage.googleapis.com/
  version: 2.1.4
- name: mysql
  repository: https://kubernetes-charts.storage.googleapis.com/
  version: 1.6.4
- name: postgresql
  repository: https://kubernetes-charts.storage.googleapis.com/
  version: 8.6.4
- name: ingress-nginx
  repository: https://kubernetes.github.io/ingress-nginx
  version: 3.7.1
digest: sha256:a498cb8972a5d9d35019dceb1d2cefd678c90b7b2290e68e4d23327b374d0bc2
generated: "2020-10-26T15:49:04.995919+01:00"
