dependencies:
- name: zookeeper
  repository: https://kubernetes-charts-incubator.storage.googleapis.com/
  version: 2.1.4
- name: mysql
  repository: https://kubernetes-charts.storage.googleapis.com/
  version: 1.6.4
- name: postgresql
  repository: https://kubernetes-charts.storage.googleapis.com/
  version: 8.6.4
digest: sha256:83a9062c485163ef025e6d1e817b089c65860dcfba8bc0f8ecb00fa343aa4d2f
generated: "2020-10-26T09:38:19.740834+01:00"
